
Microsoft Visual Studio Solution File, Format Version 12.00
# Visual Studio Version 17
VisualStudioVersion = 17.4.33205.214
MinimumVisualStudioVersion = 10.0.40219.1
Project("{FAE04EC0-301F-11D3-BF4B-00C04F79EFBC}") = "AppMvcBasica", "AppMvcBasica.csproj", "{96CF11A1-CFDB-446C-8AC3-1CDC8BC46DF1}"
EndProject
Global
	GlobalSection(SolutionConfigurationPlatforms) = preSolution
		Debug|Any CPU = Debug|Any CPU
		Release|Any CPU = Release|Any CPU
	EndGlobalSection
	GlobalSection(ProjectConfigurationPlatforms) = postSolution
		{96CF11A1-CFDB-446C-8AC3-1CDC8BC46DF1}.Debug|Any CPU.ActiveCfg = Debug|Any CPU
		{96CF11A1-CFDB-446C-8AC3-1CDC8BC46DF1}.Debug|Any CPU.Build.0 = Debug|Any CPU
		{96CF11A1-CFDB-446C-8AC3-1CDC8BC46DF1}.Release|Any CPU.ActiveCfg = Release|Any CPU
		{96CF11A1-CFDB-446C-8AC3-1CDC8BC46DF1}.Release|Any CPU.Build.0 = Release|Any CPU
	EndGlobalSection
	GlobalSection(SolutionProperties) = preSolution
		HideSolutionNode = FALSE
	EndGlobalSection
	GlobalSection(ExtensibilityGlobals) = postSolution
		SolutionGuid = {FB8E2926-A7C4-4E99-B146-E507FDD4FAEB}
	EndGlobalSection
EndGlobal
